
Microsoft Visual Studio Solution File, Format Version 12.00
# Visual Studio 15
VisualStudioVersion = 15.0.28307.136
MinimumVisualStudioVersion = 10.0.40219.1
Project("{FAE04EC0-301F-11D3-BF4B-00C04F79EFBC}") = "InternetMarketWEB", "InternetMarketWEB\InternetMarketWEB.csproj", "{A63763A0-F79A-4014-8562-F5FFEFA07BC5}"
EndProject
Global
	GlobalSection(SolutionConfigurationPlatforms) = preSolution
		Debug|Any CPU = Debug|Any CPU
		Release|Any CPU = Release|Any CPU
	EndGlobalSection
	GlobalSection(ProjectConfigurationPlatforms) = postSolution
		{A63763A0-F79A-4014-8562-F5FFEFA07BC5}.Debug|Any CPU.ActiveCfg = Debug|Any CPU
		{A63763A0-F79A-4014-8562-F5FFEFA07BC5}.Debug|Any CPU.Build.0 = Debug|Any CPU
		{A63763A0-F79A-4014-8562-F5FFEFA07BC5}.Release|Any CPU.ActiveCfg = Release|Any CPU
		{A63763A0-F79A-4014-8562-F5FFEFA07BC5}.Release|Any CPU.Build.0 = Release|Any CPU
	EndGlobalSection
	GlobalSection(SolutionProperties) = preSolution
		HideSolutionNode = FALSE
	EndGlobalSection
	GlobalSection(ExtensibilityGlobals) = postSolution
		SolutionGuid = {935F2C9F-3625-4E8F-916F-3D04207BA11C}
	EndGlobalSection
EndGlobal
